
Microsoft Visual Studio Solution File, Format Version 12.00
# Visual Studio Version 16
VisualStudioVersion = 16.0.30114.105
MinimumVisualStudioVersion = 10.0.40219.1
Project("{FAE04EC0-301F-11D3-BF4B-00C04F79EFBC}") = "Appearance", "Appearance.csproj", "{83CF8713-CD40-4BAF-BBCC-D354756336EB}"
EndProject
Global
	GlobalSection(SolutionConfigurationPlatforms) = preSolution
		Debug|Any CPU = Debug|Any CPU
		Release|Any CPU = Release|Any CPU
	EndGlobalSection
	GlobalSection(ProjectConfigurationPlatforms) = postSolution
		{83CF8713-CD40-4BAF-BBCC-D354756336EB}.Debug|Any CPU.ActiveCfg = Debug|Any CPU
		{83CF8713-CD40-4BAF-BBCC-D354756336EB}.Debug|Any CPU.Build.0 = Debug|Any CPU
		{83CF8713-CD40-4BAF-BBCC-D354756336EB}.Release|Any CPU.ActiveCfg = Release|Any CPU
		{83CF8713-CD40-4BAF-BBCC-D354756336EB}.Release|Any CPU.Build.0 = Release|Any CPU
	EndGlobalSection
	GlobalSection(SolutionProperties) = preSolution
		HideSolutionNode = FALSE
	EndGlobalSection
	GlobalSection(ExtensibilityGlobals) = postSolution
		SolutionGuid = {A9AF315F-9899-4632-8B6A-EA996E0C5A76}
	EndGlobalSection
EndGlobal
